
Microsoft Visual Studio Solution File, Format Version 12.00
# Visual Studio Version 17
VisualStudioVersion = 17.1.32328.378
MinimumVisualStudioVersion = 10.0.40219.1
Project("{FAE04EC0-301F-11D3-BF4B-00C04F79EFBC}") = "AppSite", "src\AppSite\AppSite.csproj", "{570FE386-169C-4525-B01A-86386E599CC0}"
EndProject
Project("{FAE04EC0-301F-11D3-BF4B-00C04F79EFBC}") = "Business", "src\Business\Business.csproj", "{77E71619-E51C-4F29-9316-29612948E7D2}"
EndProject
Project("{FAE04EC0-301F-11D3-BF4B-00C04F79EFBC}") = "Data", "src\Data\Data.csproj", "{A2AFAE43-C4F2-42C8-990B-CD6CD60B0565}"
EndProject
Global
	GlobalSection(SolutionConfigurationPlatforms) = preSolution
		Debug|Any CPU = Debug|Any CPU
		Release|Any CPU = Release|Any CPU
	EndGlobalSection
	GlobalSection(ProjectConfigurationPlatforms) = postSolution
		{570FE386-169C-4525-B01A-86386E599CC0}.Debug|Any CPU.ActiveCfg = Debug|Any CPU
		{570FE386-169C-4525-B01A-86386E599CC0}.Debug|Any CPU.Build.0 = Debug|Any CPU
		{570FE386-169C-4525-B01A-86386E599CC0}.Release|Any CPU.ActiveCfg = Release|Any CPU
		{570FE386-169C-4525-B01A-86386E599CC0}.Release|Any CPU.Build.0 = Release|Any CPU
		{77E71619-E51C-4F29-9316-29612948E7D2}.Debug|Any CPU.ActiveCfg = Debug|Any CPU
		{77E71619-E51C-4F29-9316-29612948E7D2}.Debug|Any CPU.Build.0 = Debug|Any CPU
		{77E71619-E51C-4F29-9316-29612948E7D2}.Release|Any CPU.ActiveCfg = Release|Any CPU
		{77E71619-E51C-4F29-9316-29612948E7D2}.Release|Any CPU.Build.0 = Release|Any CPU
		{A2AFAE43-C4F2-42C8-990B-CD6CD60B0565}.Debug|Any CPU.ActiveCfg = Debug|Any CPU
		{A2AFAE43-C4F2-42C8-990B-CD6CD60B0565}.Debug|Any CPU.Build.0 = Debug|Any CPU
		{A2AFAE43-C4F2-42C8-990B-CD6CD60B0565}.Release|Any CPU.ActiveCfg = Release|Any CPU
		{A2AFAE43-C4F2-42C8-990B-CD6CD60B0565}.Release|Any CPU.Build.0 = Release|Any CPU
	EndGlobalSection
	GlobalSection(SolutionProperties) = preSolution
		HideSolutionNode = FALSE
	EndGlobalSection
	GlobalSection(ExtensibilityGlobals) = postSolution
		SolutionGuid = {132D030C-815B-4D1A-BBE4-BB240B9DB665}
	EndGlobalSection
EndGlobal
